// !$*UTF8*$!
{
	archiveVersion = 1;
	classes = {
	};
	objectVersion = 46;
	objects = {

/* Begin PBXBuildFile section */
		AE68454C1E260CEC00068486 /* main.m in Sources */ = {isa = PBXBuildFile; fileRef = AE68454B1E260CEC00068486 /* main.m */; };
		AE68454F1E260CEC00068486 /* AppDelegate.m in Sources */ = {isa = PBXBuildFile; fileRef = AE68454E1E260CEC00068486 /* AppDelegate.m */; };
		AE6845521E260CEC00068486 /* ViewController.m in Sources */ = {isa = PBXBuildFile; fileRef = AE6845511E260CEC00068486 /* ViewController.m */; };
		AE6845551E260CEC00068486 /* Main.storyboard in Resources */ = {isa = PBXBuildFile; fileRef = AE6845531E260CEC00068486 /* Main.storyboard */; };
		AE6845571E260CEC00068486 /* Assets.xcassets in Resources */ = {isa = PBXBuildFile; fileRef = AE6845561E260CEC00068486 /* Assets.xcassets */; };
		AE68455A1E260CEC00068486 /* LaunchScreen.storyboard in Resources */ = {isa = PBXBuildFile; fileRef = AE6845581E260CEC00068486 /* LaunchScreen.storyboard */; };
/* End PBXBuildFile section */

/* Begin PBXFileReference section */
		AE6845471E260CEC00068486 /* MJEmptyView.app */ = {isa = PBXFileReference; explicitFileType = wrapper.application; includeInIndex = 0; path = MJEmptyView.app; sourceTree = BUILT_PRODUCTS_DIR; };
		AE68454B1E260CEC00068486 /* main.m */ = {isa = PBXFileReference; lastKnownFileType = sourcecode.c.objc; path = main.m; sourceTree = "<group>"; };
		AE68454D1E260CEC00068486 /* AppDelegate.h */ = {isa = PBXFileReference; lastKnownFileType = sourcecode.c.h; path = AppDelegate.h; sourceTree = "<group>"; };
		AE68454E1E260CEC00068486 /* AppDelegate.m */ = {isa = PBXFileReference; lastKnownFileType = sourcecode.c.objc; path = AppDelegate.m; sourceTree = "<group>"; };
		AE6845501E260CEC00068486 /* ViewController.h */ = {isa = PBXFileReference; lastKnownFileType = sourcecode.c.h; path = ViewController.h; sourceTree = "<group>"; };
		AE6845511E260CEC00068486 /* ViewController.m */ = {isa = PBXFileReference; lastKnownFileType = sourcecode.c.objc; path = ViewController.m; sourceTree = "<group>"; };
		AE6845541E260CEC00068486 /* Base */ = {isa = PBXFileReference; lastKnownFileType = file.storyboard; name = Base; path = Base.lproj/Main.storyboard; sourceTree = "<group>"; };
		AE6845561E260CEC00068486 /* Assets.xcassets */ = {isa = PBXFileReference; lastKnownFileType = folder.assetcatalog; path = Assets.xcassets; sourceTree = "<group>"; };
		AE6845591E260CEC00068486 /* Base */ = {isa = PBXFileReference; lastKnownFileType = file.storyboard; name = Base; path = Base.lproj/LaunchScreen.storyboard; sourceTree = "<group>"; };
		AE68455B1E260CEC00068486 /* Info.plist */ = {isa = PBXFileReference; lastKnownFileType = text.plist.xml; path = Info.plist; sourceTree = "<group>"; };
/* End PBXFileReference section */

/* Begin PBXFrameworksBuildPhase section */
		AE6845441E260CEC00068486 /* Frameworks */ = {
			isa = PBXFrameworksBuildPhase;
			buildActionMask = 2147483647;
			files = (
			);
			runOnlyForDeploymentPostprocessing = 0;
		};
/* End PBXFrameworksBuildPhase section */

/* Begin PBXGroup section */
		AE68453E1E260CEC00068486 = {
			isa = PBXGroup;
			children = (
				AE6845491E260CEC00068486 /* MJEmptyView */,
				AE6845481E260CEC00068486 /* Products */,
			);
			sourceTree = "<group>";
		};
		AE6845481E260CEC00068486 /* Products */ = {
			isa = PBXGroup;
			children = (
				AE6845471E260CEC00068486 /* MJEmptyView.app */,
			);
			name = Products;
			sourceTree = "<group>";
		};
		AE6845491E260CEC00068486 /* MJEmptyView */ = {
			isa = PBXGroup;
			children = (
				AE68454D1E260CEC00068486 /* AppDelegate.h */,
				AE68454E1E260CEC00068486 /* AppDelegate.m */,
				AE6845501E260CEC00068486 /* ViewController.h */,
				AE6845511E260CEC00068486 /* ViewController.m */,
				AE6845531E260CEC00068486 /* Main.storyboard */,
				AE6845561E260CEC00068486 /* Assets.xcassets */,
				AE6845581E260CEC00068486 /* LaunchScreen.storyboard */,
				AE68455B1E260CEC00068486 /* Info.plist */,
				AE68454A1E260CEC00068486 /* Supporting Files */,
			);
			path = MJEmptyView;
			sourceTree = "<group>";
		};
		AE68454A1E260CEC00068486 /* Supporting Files */ = {
			isa = PBXGroup;
			children = (
				AE68454B1E260CEC00068486 /* main.m */,
			);
			name = "Supporting Files";
			sourceTree = "<group>";
		};
/* End PBXGroup section */

/* Begin PBXNativeTarget section */
		AE6845461E260CEC00068486 /* MJEmptyView */ = {
			isa = PBXNativeTarget;
			buildConfigurationList = AE68455E1E260CEC00068486 /* Build configuration list for PBXNativeTarget "MJEmptyView" */;
			buildPhases = (
				AE6845431E260CEC00068486 /* Sources */,
				AE6845441E260CEC00068486 /* Frameworks */,
				AE6845451E260CEC00068486 /* Resources */,
			);
			buildRules = (
			);
			dependencies = (
			);
			name = MJEmptyView;
			productName = MJEmptyView;
			productReference = AE6845471E260CEC00068486 /* MJEmptyView.app */;
			productType = "com.apple.product-type.application";
		};
/* End PBXNativeTarget section */

/* Begin PBXProject section */
		AE68453F1E260CEC00068486 /* Project object */ = {
			isa = PBXProject;
			attributes = {
				LastUpgradeCheck = 0810;
				ORGANIZATIONNAME = "林民敬";
				TargetAttributes = {
					AE6845461E260CEC00068486 = {
						CreatedOnToolsVersion = 8.1;
						ProvisioningStyle = Automatic;
					};
				};
			};
			buildConfigurationList = AE6845421E260CEC00068486 /* Build configuration list for PBXProject "MJEmptyView" */;
			compatibilityVersion = "Xcode 3.2";
			developmentRegion = English;
			hasScannedForEncodings = 0;
			knownRegions = (
				en,
				Base,
			);
			mainGroup = AE68453E1E260CEC00068486;
			productRefGroup = AE6845481E260CEC00068486 /* Products */;
			projectDirPath = "";
			projectRoot = "";
			targets = (
				AE6845461E260CEC00068486 /* MJEmptyView */,
			);
		};
/* End PBXProject section */

/* Begin PBXResourcesBuildPhase section */
		AE6845451E260CEC00068486 /* Resources */ = {
			isa = PBXResourcesBuildPhase;
			buildActionMask = 2147483647;
			files = (
				AE68455A1E260CEC00068486 /* LaunchScreen.storyboard in Resources */,
				AE6845571E260CEC00068486 /* Assets.xcassets in Resources */,
				AE6845551E260CEC00068486 /* Main.storyboard in Resources */,
			);
			runOnlyForDeploymentPostprocessing = 0;
		};
/* End PBXResourcesBuildPhase section */

/* Begin PBXSourcesBuildPhase section */
		AE6845431E260CEC00068486 /* Sources */ = {
			isa = PBXSourcesBuildPhase;
			buildActionMask = 2147483647;
			files = (
				AE6845521E260CEC00068486 /* ViewController.m in Sources */,
				AE68454F1E260CEC00068486 /* AppDelegate.m in Sources */,
				AE68454C1E260CEC00068486 /* main.m in Sources */,
			);
			runOnlyForDeploymentPostprocessing = 0;
		};
/* End PBXSourcesBuildPhase section */

/* Begin PBXVariantGroup section */
		AE6845531E260CEC00068486 /* Main.storyboard */ = {
			isa = PBXVariantGroup;
			children = (
				AE6845541E260CEC00068486 /* Base */,
			);
			name = Main.storyboard;
			sourceTree = "<group>";
		};
		AE6845581E260CEC00068486 /* LaunchScreen.storyboard */ = {
			isa = PBXVariantGroup;
			children = (
				AE6845591E260CEC00068486 /* Base */,
			);
			name = LaunchScreen.storyboard;
			sourceTree = "<group>";
		};
/* End PBXVariantGroup section */

/* Begin XCBuildConfiguration section */
		AE68455C1E260CEC00068486 /* Debug */ = {
			isa = XCBuildConfiguration;
			buildSettings = {
				ALWAYS_SEARCH_USER_PATHS = NO;
				CLANG_ANALYZER_NONNULL = YES;
				CLANG_CXX_LANGUAGE_STANDARD = "gnu++0x";
				CLANG_CXX_LIBRARY = "libc++";
				CLANG_ENABLE_MODULES = YES;
				CLANG_ENABLE_OBJC_ARC = YES;
				CLANG_WARN_BOOL_CONVERSION = YES;
				CLANG_WARN_CONSTANT_CONVERSION = YES;
				CLANG_WARN_DIRECT_OBJC_ISA_USAGE = YES_ERROR;
				CLANG_WARN_DOCUMENTATION_COMMENTS = YES;
				CLANG_WARN_EMPTY_BODY = YES;
				CLANG_WARN_ENUM_CONVERSION = YES;
				CLANG_WARN_INFINITE_RECURSION = YES;
				CLANG_WARN_INT_CONVERSION = YES;
				CLANG_WARN_OBJC_ROOT_CLASS = YES_ERROR;
				CLANG_WARN_SUSPICIOUS_MOVES = YES;
				CLANG_WARN_UNREACHABLE_CODE = YES;
				CLANG_WARN__DUPLICATE_METHOD_MATCH = YES;
				"CODE_SIGN_IDENTITY[sdk=iphoneos*]" = "iPhone Developer";
				COPY_PHASE_STRIP = NO;
				DEBUG_INFORMATION_FORMAT = dwarf;
				ENABLE_STRICT_OBJC_MSGSEND = YES;
				ENABLE_TESTABILITY = YES;
				GCC_C_LANGUAGE_STANDARD = gnu99;
				GCC_DYNAMIC_NO_PIC = NO;
				GCC_NO_COMMON_BLOCKS = YES;
				GCC_OPTIMIZATION_LEVEL = 0;
				GCC_PREPROCESSOR_DEFINITIONS = (
					"DEBUG=1",
					"$(inherited)",
				);
				GCC_WARN_64_TO_32_BIT_CONVERSION = YES;
				GCC_WARN_ABOUT_RETURN_TYPE = YES_ERROR;
				GCC_WARN_UNDECLARED_SELECTOR = YES;
				GCC_WARN_UNINITIALIZED_AUTOS = YES_AGGRESSIVE;
				GCC_WARN_UNUSED_FUNCTION = YES;
				GCC_WARN_UNUSED_VARIABLE = YES;
				IPHONEOS_DEPLOYMENT_TARGET = 10.1;
				MTL_ENABLE_DEBUG_INFO = YES;
				ONLY_ACTIVE_ARCH = YES;
				SDKROOT = iphoneos;
			};
			name = Debug;
		};
		AE68455D1E260CEC00068486 /* Release */ = {
			isa = XCBuildConfiguration;
			buildSettings = {
				ALWAYS_SEARCH_USER_PATHS = NO;
				CLANG_ANALYZER_NONNULL = YES;
				CLANG_CXX_LANGUAGE_STANDARD = "gnu++0x";
				CLANG_CXX_LIBRARY = "libc++";
				CLANG_ENABLE_MODULES = YES;
				CLANG_ENABLE_OBJC_ARC = YES;
				CLANG_WARN_BOOL_CONVERSION = YES;
				CLANG_WARN_CONSTANT_CONVERSION = YES;
				CLANG_WARN_DIRECT_OBJC_ISA_USAGE = YES_ERROR;
				CLANG_WARN_DOCUMENTATION_COMMENTS = YES;
				CLANG_WARN_EMPTY_BODY = YES;
				CLANG_WARN_ENUM_CONVERSION = YES;
				CLANG_WARN_INFINITE_RECURSION = YES;
				CLANG_WARN_INT_CONVERSION = YES;
				CLANG_WARN_OBJC_ROOT_CLASS = YES_ERROR;
				CLANG_WARN_SUSPICIOUS_MOVES = YES;
				CLANG_WARN_UNREACHABLE_CODE = YES;
				CLANG_WARN__DUPLICATE_METHOD_MATCH = YES;
				"CODE_SIGN_IDENTITY[sdk=iphoneos*]" = "iPhone Developer";
				COPY_PHASE_STRIP = NO;
				DEBUG_INFORMATION_FORMAT = "dwarf-with-dsym";
				ENABLE_NS_ASSERTIONS = NO;
				ENABLE_STRICT_OBJC_MSGSEND = YES;
				GCC_C_LANGUAGE_STANDARD = gnu99;
				GCC_NO_COMMON_BLOCKS = YES;
				GCC_WARN_64_TO_32_BIT_CONVERSION = YES;
				GCC_WARN_ABOUT_RETURN_TYPE = YES_ERROR;
				GCC_WARN_UNDECLARED_SELECTOR = YES;
				GCC_WARN_UNINITIALIZED_AUTOS = YES_AGGRESSIVE;
				GCC_WARN_UNUSED_FUNCTION = YES;
				GCC_WARN_UNUSED_VARIABLE = YES;
				IPHONEOS_DEPLOYMENT_TARGET = 10.1;
				MTL_ENABLE_DEBUG_INFO = NO;
				SDKROOT = iphoneos;
				VALIDATE_PRODUCT = YES;
			};
			name = Release;
		};
		AE68455F1E260CEC00068486 /* Debug */ = {
			isa = XCBuildConfiguration;
			buildSettings = {
				ASSETCATALOG_COMPILER_APPICON_NAME = AppIcon;
				INFOPLIST_FILE = MJEmptyView/Info.plist;
				LD_RUNPATH_SEARCH_PATHS = "$(inherited) @executable_path/Frameworks";
				PRODUCT_BUNDLE_IDENTIFIER = com.test.MJEmptyView;
				PRODUCT_NAME = "$(TARGET_NAME)";
			};
			name = Debug;
		};
		AE6845601E260CEC00068486 /* Release */ = {
			isa = XCBuildConfiguration;
			buildSettings = {
				ASSETCATALOG_COMPILER_APPICON_NAME = AppIcon;
				INFOPLIST_FILE = MJEmptyView/Info.plist;
				LD_RUNPATH_SEARCH_PATHS = "$(inherited) @executable_path/Frameworks";
				PRODUCT_BUNDLE_IDENTIFIER = com.test.MJEmptyView;
				PRODUCT_NAME = "$(TARGET_NAME)";
			};
			name = Release;
		};
/* End XCBuildConfiguration section */

/* Begin XCConfigurationList section */
		AE6845421E260CEC00068486 /* Build configuration list for PBXProject "MJEmptyView" */ = {
			isa = XCConfigurationList;
			buildConfigurations = (
				AE68455C1E260CEC00068486 /* Debug */,
				AE68455D1E260CEC00068486 /* Release */,
			);
			defaultConfigurationIsVisible = 0;
			defaultConfigurationName = Release;
		};
		AE68455E1E260CEC00068486 /* Build configuration list for PBXNativeTarget "MJEmptyView" */ = {
			isa = XCConfigurationList;
			buildConfigurations = (
				AE68455F1E260CEC00068486 /* Debug */,
				AE6845601E260CEC00068486 /* Release */,
			);
			defaultConfigurationIsVisible = 0;
		};
/* End XCConfigurationList section */
	};
	rootObject = AE68453F1E260CEC00068486 /* Project object */;
}
